// !$*UTF8*$!
{
	archiveVersion = 1;
	classes = {
	};
	objectVersion = 56;
	objects = {

/* Begin PBXBuildFile section */
		3ACEDB6C2B07E29E0050885D /* AppDelegate.swift in Sources */ = {isa = PBXBuildFile; fileRef = 3ACEDB6B2B07E29E0050885D /* AppDelegate.swift */; };
		3ACEDB6E2B07E29E0050885D /* SceneDelegate.swift in Sources */ = {isa = PBXBuildFile; fileRef = 3ACEDB6D2B07E29E0050885D /* SceneDelegate.swift */; };
		3ACEDB702B07E29E0050885D /* ViewController.swift in Sources */ = {isa = PBXBuildFile; fileRef = 3ACEDB6F2B07E29E0050885D /* ViewController.swift */; };
		3ACEDB732B07E29E0050885D /* Main.storyboard in Resources */ = {isa = PBXBuildFile; fileRef = 3ACEDB712B07E29E0050885D /* Main.storyboard */; };
		3ACEDB752B07E2A10050885D /* Assets.xcassets in Resources */ = {isa = PBXBuildFile; fileRef = 3ACEDB742B07E2A10050885D /* Assets.xcassets */; };
		3ACEDB782B07E2A10050885D /* LaunchScreen.storyboard in Resources */ = {isa = PBXBuildFile; fileRef = 3ACEDB762B07E2A10050885D /* LaunchScreen.storyboard */; };
		3ACEDB812B07E2F70050885D /* Lottie in Frameworks */ = {isa = PBXBuildFile; productRef = 3ACEDB802B07E2F70050885D /* Lottie */; };
		3ACEDB832B07E4A10050885D /* checkComplete.json in Resources */ = {isa = PBXBuildFile; fileRef = 3ACEDB822B07E4A10050885D /* checkComplete.json */; };
/* End PBXBuildFile section */

/* Begin PBXFileReference section */
		3ACEDB682B07E29E0050885D /* LottieSimple.app */ = {isa = PBXFileReference; explicitFileType = wrapper.application; includeInIndex = 0; path = LottieSimple.app; sourceTree = BUILT_PRODUCTS_DIR; };
		3ACEDB6B2B07E29E0050885D /* AppDelegate.swift */ = {isa = PBXFileReference; lastKnownFileType = sourcecode.swift; path = AppDelegate.swift; sourceTree = "<group>"; };
		3ACEDB6D2B07E29E0050885D /* SceneDelegate.swift */ = {isa = PBXFileReference; lastKnownFileType = sourcecode.swift; path = SceneDelegate.swift; sourceTree = "<group>"; };
		3ACEDB6F2B07E29E0050885D /* ViewController.swift */ = {isa = PBXFileReference; lastKnownFileType = sourcecode.swift; path = ViewController.swift; sourceTree = "<group>"; };
		3ACEDB722B07E29E0050885D /* Base */ = {isa = PBXFileReference; lastKnownFileType = file.storyboard; name = Base; path = Base.lproj/Main.storyboard; sourceTree = "<group>"; };
		3ACEDB742B07E2A10050885D /* Assets.xcassets */ = {isa = PBXFileReference; lastKnownFileType = folder.assetcatalog; path = Assets.xcassets; sourceTree = "<group>"; };
		3ACEDB772B07E2A10050885D /* Base */ = {isa = PBXFileReference; lastKnownFileType = file.storyboard; name = Base; path = Base.lproj/LaunchScreen.storyboard; sourceTree = "<group>"; };
		3ACEDB792B07E2A20050885D /* Info.plist */ = {isa = PBXFileReference; lastKnownFileType = text.plist.xml; path = Info.plist; sourceTree = "<group>"; };
		3ACEDB822B07E4A10050885D /* checkComplete.json */ = {isa = PBXFileReference; fileEncoding = 4; lastKnownFileType = text.json; path = checkComplete.json; sourceTree = "<group>"; };
/* End PBXFileReference section */

/* Begin PBXFrameworksBuildPhase section */
		3ACEDB652B07E29E0050885D /* Frameworks */ = {
			isa = PBXFrameworksBuildPhase;
			buildActionMask = 2147483647;
			files = (
				3ACEDB812B07E2F70050885D /* Lottie in Frameworks */,
			);
			runOnlyForDeploymentPostprocessing = 0;
		};
/* End PBXFrameworksBuildPhase section */

/* Begin PBXGroup section */
		3ACEDB5F2B07E29D0050885D = {
			isa = PBXGroup;
			children = (
				3ACEDB6A2B07E29E0050885D /* LottieSimple */,
				3ACEDB692B07E29E0050885D /* Products */,
			);
			sourceTree = "<group>";
		};
		3ACEDB692B07E29E0050885D /* Products */ = {
			isa = PBXGroup;
			children = (
				3ACEDB682B07E29E0050885D /* LottieSimple.app */,
			);
			name = Products;
			sourceTree = "<group>";
		};
		3ACEDB6A2B07E29E0050885D /* LottieSimple */ = {
			isa = PBXGroup;
			children = (
				3ACEDB822B07E4A10050885D /* checkComplete.json */,
				3ACEDB6B2B07E29E0050885D /* AppDelegate.swift */,
				3ACEDB6D2B07E29E0050885D /* SceneDelegate.swift */,
				3ACEDB6F2B07E29E0050885D /* ViewController.swift */,
				3ACEDB712B07E29E0050885D /* Main.storyboard */,
				3ACEDB742B07E2A10050885D /* Assets.xcassets */,
				3ACEDB762B07E2A10050885D /* LaunchScreen.storyboard */,
				3ACEDB792B07E2A20050885D /* Info.plist */,
			);
			path = LottieSimple;
			sourceTree = "<group>";
		};
/* End PBXGroup section */

/* Begin PBXNativeTarget section */
		3ACEDB672B07E29E0050885D /* LottieSimple */ = {
			isa = PBXNativeTarget;
			buildConfigurationList = 3ACEDB7C2B07E2A20050885D /* Build configuration list for PBXNativeTarget "LottieSimple" */;
			buildPhases = (
				3ACEDB642B07E29E0050885D /* Sources */,
				3ACEDB652B07E29E0050885D /* Frameworks */,
				3ACEDB662B07E29E0050885D /* Resources */,
			);
			buildRules = (
			);
			dependencies = (
			);
			name = LottieSimple;
			packageProductDependencies = (
				3ACEDB802B07E2F70050885D /* Lottie */,
			);
			productName = LottieSimple;
			productReference = 3ACEDB682B07E29E0050885D /* LottieSimple.app */;
			productType = "com.apple.product-type.application";
		};
/* End PBXNativeTarget section */

/* Begin PBXProject section */
		3ACEDB602B07E29E0050885D /* Project object */ = {
			isa = PBXProject;
			attributes = {
				BuildIndependentTargetsInParallel = 1;
				LastSwiftUpdateCheck = 1500;
				LastUpgradeCheck = 1500;
				TargetAttributes = {
					3ACEDB672B07E29E0050885D = {
						CreatedOnToolsVersion = 15.0.1;
					};
				};
			};
			buildConfigurationList = 3ACEDB632B07E29E0050885D /* Build configuration list for PBXProject "LottieSimple" */;
			compatibilityVersion = "Xcode 14.0";
			developmentRegion = en;
			hasScannedForEncodings = 0;
			knownRegions = (
				en,
				Base,
			);
			mainGroup = 3ACEDB5F2B07E29D0050885D;
			packageReferences = (
				3ACEDB7F2B07E2F70050885D /* XCRemoteSwiftPackageReference "lottie-ios" */,
			);
			productRefGroup = 3ACEDB692B07E29E0050885D /* Products */;
			projectDirPath = "";
			projectRoot = "";
			targets = (
				3ACEDB672B07E29E0050885D /* LottieSimple */,
			);
		};
/* End PBXProject section */

/* Begin PBXResourcesBuildPhase section */
		3ACEDB662B07E29E0050885D /* Resources */ = {
			isa = PBXResourcesBuildPhase;
			buildActionMask = 2147483647;
			files = (
				3ACEDB782B07E2A10050885D /* LaunchScreen.storyboard in Resources */,
				3ACEDB832B07E4A10050885D /* checkComplete.json in Resources */,
				3ACEDB752B07E2A10050885D /* Assets.xcassets in Resources */,
				3ACEDB732B07E29E0050885D /* Main.storyboard in Resources */,
			);
			runOnlyForDeploymentPostprocessing = 0;
		};
/* End PBXResourcesBuildPhase section */

/* Begin PBXSourcesBuildPhase section */
		3ACEDB642B07E29E0050885D /* Sources */ = {
			isa = PBXSourcesBuildPhase;
			buildActionMask = 2147483647;
			files = (
				3ACEDB702B07E29E0050885D /* ViewController.swift in Sources */,
				3ACEDB6C2B07E29E0050885D /* AppDelegate.swift in Sources */,
				3ACEDB6E2B07E29E0050885D /* SceneDelegate.swift in Sources */,
			);
			runOnlyForDeploymentPostprocessing = 0;
		};
/* End PBXSourcesBuildPhase section */

/* Begin PBXVariantGroup section */
		3ACEDB712B07E29E0050885D /* Main.storyboard */ = {
			isa = PBXVariantGroup;
			children = (
				3ACEDB722B07E29E0050885D /* Base */,
			);
			name = Main.storyboard;
			sourceTree = "<group>";
		};
		3ACEDB762B07E2A10050885D /* LaunchScreen.storyboard */ = {
			isa = PBXVariantGroup;
			children = (
				3ACEDB772B07E2A10050885D /* Base */,
			);
			name = LaunchScreen.storyboard;
			sourceTree = "<group>";
		};
/* End PBXVariantGroup section */

/* Begin XCBuildConfiguration section */
		3ACEDB7A2B07E2A20050885D /* Debug */ = {
			isa = XCBuildConfiguration;
			buildSettings = {
				ALWAYS_SEARCH_USER_PATHS = NO;
				ASSETCATALOG_COMPILER_GENERATE_SWIFT_ASSET_SYMBOL_EXTENSIONS = YES;
				CLANG_ANALYZER_NONNULL = YES;
				CLANG_ANALYZER_NUMBER_OBJECT_CONVERSION = YES_AGGRESSIVE;
				CLANG_CXX_LANGUAGE_STANDARD = "gnu++20";
				CLANG_ENABLE_MODULES = YES;
				CLANG_ENABLE_OBJC_ARC = YES;
				CLANG_ENABLE_OBJC_WEAK = YES;
				CLANG_WARN_BLOCK_CAPTURE_AUTORELEASING = YES;
				CLANG_WARN_BOOL_CONVERSION = YES;
				CLANG_WARN_COMMA = YES;
				CLANG_WARN_CONSTANT_CONVERSION = YES;
				CLANG_WARN_DEPRECATED_OBJC_IMPLEMENTATIONS = YES;
				CLANG_WARN_DIRECT_OBJC_ISA_USAGE = YES_ERROR;
				CLANG_WARN_DOCUMENTATION_COMMENTS = YES;
				CLANG_WARN_EMPTY_BODY = YES;
				CLANG_WARN_ENUM_CONVERSION = YES;
				CLANG_WARN_INFINITE_RECURSION = YES;
				CLANG_WARN_INT_CONVERSION = YES;
				CLANG_WARN_NON_LITERAL_NULL_CONVERSION = YES;
				CLANG_WARN_OBJC_IMPLICIT_RETAIN_SELF = YES;
				CLANG_WARN_OBJC_LITERAL_CONVERSION = YES;
				CLANG_WARN_OBJC_ROOT_CLASS = YES_ERROR;
				CLANG_WARN_QUOTED_INCLUDE_IN_FRAMEWORK_HEADER = YES;
				CLANG_WARN_RANGE_LOOP_ANALYSIS = YES;
				CLANG_WARN_STRICT_PROTOTYPES = YES;
				CLANG_WARN_SUSPICIOUS_MOVE = YES;
				CLANG_WARN_UNGUARDED_AVAILABILITY = YES_AGGRESSIVE;
				CLANG_WARN_UNREACHABLE_CODE = YES;
				CLANG_WARN__DUPLICATE_METHOD_MATCH = YES;
				COPY_PHASE_STRIP = NO;
				DEBUG_INFORMATION_FORMAT = dwarf;
				ENABLE_STRICT_OBJC_MSGSEND = YES;
				ENABLE_TESTABILITY = YES;
				ENABLE_USER_SCRIPT_SANDBOXING = YES;
				GCC_C_LANGUAGE_STANDARD = gnu17;
				GCC_DYNAMIC_NO_PIC = NO;
				GCC_NO_COMMON_BLOCKS = YES;
				GCC_OPTIMIZATION_LEVEL = 0;
				GCC_PREPROCESSOR_DEFINITIONS = (
					"DEBUG=1",
					"$(inherited)",
				);
				GCC_WARN_64_TO_32_BIT_CONVERSION = YES;
				GCC_WARN_ABOUT_RETURN_TYPE = YES_ERROR;
				GCC_WARN_UNDECLARED_SELECTOR = YES;
				GCC_WARN_UNINITIALIZED_AUTOS = YES_AGGRESSIVE;
				GCC_WARN_UNUSED_FUNCTION = YES;
				GCC_WARN_UNUSED_VARIABLE = YES;
				IPHONEOS_DEPLOYMENT_TARGET = 17.0;
				LOCALIZATION_PREFERS_STRING_CATALOGS = YES;
				MTL_ENABLE_DEBUG_INFO = INCLUDE_SOURCE;
				MTL_FAST_MATH = YES;
				ONLY_ACTIVE_ARCH = YES;
				SDKROOT = iphoneos;
				SWIFT_ACTIVE_COMPILATION_CONDITIONS = "DEBUG $(inherited)";
				SWIFT_OPTIMIZATION_LEVEL = "-Onone";
			};
			name = Debug;
		};
		3ACEDB7B2B07E2A20050885D /* Release */ = {
			isa = XCBuildConfiguration;
			buildSettings = {
				ALWAYS_SEARCH_USER_PATHS = NO;
				ASSETCATALOG_COMPILER_GENERATE_SWIFT_ASSET_SYMBOL_EXTENSIONS = YES;
				CLANG_ANALYZER_NONNULL = YES;
				CLANG_ANALYZER_NUMBER_OBJECT_CONVERSION = YES_AGGRESSIVE;
				CLANG_CXX_LANGUAGE_STANDARD = "gnu++20";
				CLANG_ENABLE_MODULES = YES;
				CLANG_ENABLE_OBJC_ARC = YES;
				CLANG_ENABLE_OBJC_WEAK = YES;
				CLANG_WARN_BLOCK_CAPTURE_AUTORELEASING = YES;
				CLANG_WARN_BOOL_CONVERSION = YES;
				CLANG_WARN_COMMA = YES;
				CLANG_WARN_CONSTANT_CONVERSION = YES;
				CLANG_WARN_DEPRECATED_OBJC_IMPLEMENTATIONS = YES;
				CLANG_WARN_DIRECT_OBJC_ISA_USAGE = YES_ERROR;
				CLANG_WARN_DOCUMENTATION_COMMENTS = YES;
				CLANG_WARN_EMPTY_BODY = YES;
				CLANG_WARN_ENUM_CONVERSION = YES;
				CLANG_WARN_INFINITE_RECURSION = YES;
				CLANG_WARN_INT_CONVERSION = YES;
				CLANG_WARN_NON_LITERAL_NULL_CONVERSION = YES;
				CLANG_WARN_OBJC_IMPLICIT_RETAIN_SELF = YES;
				CLANG_WARN_OBJC_LITERAL_CONVERSION = YES;
				CLANG_WARN_OBJC_ROOT_CLASS = YES_ERROR;
				CLANG_WARN_QUOTED_INCLUDE_IN_FRAMEWORK_HEADER = YES;
				CLANG_WARN_RANGE_LOOP_ANALYSIS = YES;
				CLANG_WARN_STRICT_PROTOTYPES = YES;
				CLANG_WARN_SUSPICIOUS_MOVE = YES;
				CLANG_WARN_UNGUARDED_AVAILABILITY = YES_AGGRESSIVE;
				CLANG_WARN_UNREACHABLE_CODE = YES;
				CLANG_WARN__DUPLICATE_METHOD_MATCH = YES;
				COPY_PHASE_STRIP = NO;
				DEBUG_INFORMATION_FORMAT = "dwarf-with-dsym";
				ENABLE_NS_ASSERTIONS = NO;
				ENABLE_STRICT_OBJC_MSGSEND = YES;
				ENABLE_USER_SCRIPT_SANDBOXING = YES;
				GCC_C_LANGUAGE_STANDARD = gnu17;
				GCC_NO_COMMON_BLOCKS = YES;
				GCC_WARN_64_TO_32_BIT_CONVERSION = YES;
				GCC_WARN_ABOUT_RETURN_TYPE = YES_ERROR;
				GCC_WARN_UNDECLARED_SELECTOR = YES;
				GCC_WARN_UNINITIALIZED_AUTOS = YES_AGGRESSIVE;
				GCC_WARN_UNUSED_FUNCTION = YES;
				GCC_WARN_UNUSED_VARIABLE = YES;
				IPHONEOS_DEPLOYMENT_TARGET = 17.0;
				LOCALIZATION_PREFERS_STRING_CATALOGS = YES;
				MTL_ENABLE_DEBUG_INFO = NO;
				MTL_FAST_MATH = YES;
				SDKROOT = iphoneos;
				SWIFT_COMPILATION_MODE = wholemodule;
				VALIDATE_PRODUCT = YES;
			};
			name = Release;
		};
		3ACEDB7D2B07E2A20050885D /* Debug */ = {
			isa = XCBuildConfiguration;
			buildSettings = {
				ASSETCATALOG_COMPILER_APPICON_NAME = AppIcon;
				ASSETCATALOG_COMPILER_GLOBAL_ACCENT_COLOR_NAME = AccentColor;
				CODE_SIGN_STYLE = Automatic;
				CURRENT_PROJECT_VERSION = 1;
				DEVELOPMENT_TEAM = 4NL246UFT3;
				GENERATE_INFOPLIST_FILE = YES;
				INFOPLIST_FILE = LottieSimple/Info.plist;
				INFOPLIST_KEY_UIApplicationSupportsIndirectInputEvents = YES;
				INFOPLIST_KEY_UILaunchStoryboardName = LaunchScreen;
				INFOPLIST_KEY_UIMainStoryboardFile = Main;
				INFOPLIST_KEY_UISupportedInterfaceOrientations_iPad = "UIInterfaceOrientationPortrait UIInterfaceOrientationPortraitUpsideDown UIInterfaceOrientationLandscapeLeft UIInterfaceOrientationLandscapeRight";
				INFOPLIST_KEY_UISupportedInterfaceOrientations_iPhone = "UIInterfaceOrientationPortrait UIInterfaceOrientationLandscapeLeft UIInterfaceOrientationLandscapeRight";
				IPHONEOS_DEPLOYMENT_TARGET = 16.0;
				LD_RUNPATH_SEARCH_PATHS = (
					"$(inherited)",
					"@executable_path/Frameworks",
				);
				MARKETING_VERSION = 1.0;
				PRODUCT_BUNDLE_IDENTIFIER = com.horizontestudios.LottieSimple;
				PRODUCT_NAME = "$(TARGET_NAME)";
				SWIFT_EMIT_LOC_STRINGS = YES;
				SWIFT_VERSION = 5.0;
				TARGETED_DEVICE_FAMILY = "1,2";
			};
			name = Debug;
		};
		3ACEDB7E2B07E2A20050885D /* Release */ = {
			isa = XCBuildConfiguration;
			buildSettings = {
				ASSETCATALOG_COMPILER_APPICON_NAME = AppIcon;
				ASSETCATALOG_COMPILER_GLOBAL_ACCENT_COLOR_NAME = AccentColor;
				CODE_SIGN_STYLE = Automatic;
				CURRENT_PROJECT_VERSION = 1;
				DEVELOPMENT_TEAM = 4NL246UFT3;
				GENERATE_INFOPLIST_FILE = YES;
				INFOPLIST_FILE = LottieSimple/Info.plist;
				INFOPLIST_KEY_UIApplicationSupportsIndirectInputEvents = YES;
				INFOPLIST_KEY_UILaunchStoryboardName = LaunchScreen;
				INFOPLIST_KEY_UIMainStoryboardFile = Main;
				INFOPLIST_KEY_UISupportedInterfaceOrientations_iPad = "UIInterfaceOrientationPortrait UIInterfaceOrientationPortraitUpsideDown UIInterfaceOrientationLandscapeLeft UIInterfaceOrientationLandscapeRight";
				INFOPLIST_KEY_UISupportedInterfaceOrientations_iPhone = "UIInterfaceOrientationPortrait UIInterfaceOrientationLandscapeLeft UIInterfaceOrientationLandscapeRight";
				IPHONEOS_DEPLOYMENT_TARGET = 16.0;
				LD_RUNPATH_SEARCH_PATHS = (
					"$(inherited)",
					"@executable_path/Frameworks",
				);
				MARKETING_VERSION = 1.0;
				PRODUCT_BUNDLE_IDENTIFIER = com.horizontestudios.LottieSimple;
				PRODUCT_NAME = "$(TARGET_NAME)";
				SWIFT_EMIT_LOC_STRINGS = YES;
				SWIFT_VERSION = 5.0;
				TARGETED_DEVICE_FAMILY = "1,2";
			};
			name = Release;
		};
/* End XCBuildConfiguration section */

/* Begin XCConfigurationList section */
		3ACEDB632B07E29E0050885D /* Build configuration list for PBXProject "LottieSimple" */ = {
			isa = XCConfigurationList;
			buildConfigurations = (
				3ACEDB7A2B07E2A20050885D /* Debug */,
				3ACEDB7B2B07E2A20050885D /* Release */,
			);
			defaultConfigurationIsVisible = 0;
			defaultConfigurationName = Release;
		};
		3ACEDB7C2B07E2A20050885D /* Build configuration list for PBXNativeTarget "LottieSimple" */ = {
			isa = XCConfigurationList;
			buildConfigurations = (
				3ACEDB7D2B07E2A20050885D /* Debug */,
				3ACEDB7E2B07E2A20050885D /* Release */,
			);
			defaultConfigurationIsVisible = 0;
			defaultConfigurationName = Release;
		};
/* End XCConfigurationList section */

/* Begin XCRemoteSwiftPackageReference section */
		3ACEDB7F2B07E2F70050885D /* XCRemoteSwiftPackageReference "lottie-ios" */ = {
			isa = XCRemoteSwiftPackageReference;
			repositoryURL = "https://github.com/airbnb/lottie-ios";
			requirement = {
				kind = upToNextMajorVersion;
				minimumVersion = 4.3.3;
			};
		};
/* End XCRemoteSwiftPackageReference section */

/* Begin XCSwiftPackageProductDependency section */
		3ACEDB802B07E2F70050885D /* Lottie */ = {
			isa = XCSwiftPackageProductDependency;
			package = 3ACEDB7F2B07E2F70050885D /* XCRemoteSwiftPackageReference "lottie-ios" */;
			productName = Lottie;
		};
/* End XCSwiftPackageProductDependency section */
	};
	rootObject = 3ACEDB602B07E29E0050885D /* Project object */;
}
