// !$*UTF8*$!
{
	archiveVersion = 1;
	classes = {
	};
	objectVersion = 55;
	objects = {

/* Begin PBXBuildFile section */
		3A69D5C228E61860009D49DD /* AppDelegate.swift in Sources */ = {isa = PBXBuildFile; fileRef = 3A69D5C128E61860009D49DD /* AppDelegate.swift */; };
		3A69D5C428E61860009D49DD /* SceneDelegate.swift in Sources */ = {isa = PBXBuildFile; fileRef = 3A69D5C328E61860009D49DD /* SceneDelegate.swift */; };
		3A69D5C628E61860009D49DD /* ViewController.swift in Sources */ = {isa = PBXBuildFile; fileRef = 3A69D5C528E61860009D49DD /* ViewController.swift */; };
		3A69D5C928E61860009D49DD /* Main.storyboard in Resources */ = {isa = PBXBuildFile; fileRef = 3A69D5C728E61860009D49DD /* Main.storyboard */; };
		3A69D5CB28E61864009D49DD /* Assets.xcassets in Resources */ = {isa = PBXBuildFile; fileRef = 3A69D5CA28E61864009D49DD /* Assets.xcassets */; };
		3A69D5CE28E61864009D49DD /* LaunchScreen.storyboard in Resources */ = {isa = PBXBuildFile; fileRef = 3A69D5CC28E61864009D49DD /* LaunchScreen.storyboard */; };
		3A69D5D628E61A6B009D49DD /* gato_felix1.gif in Resources */ = {isa = PBXBuildFile; fileRef = 3A69D5D528E61A6B009D49DD /* gato_felix1.gif */; };
		6A761EB0F1D074F8798F7110 /* Pods_GifTest.framework in Frameworks */ = {isa = PBXBuildFile; fileRef = E59FCC76432A1792ADE7BB3C /* Pods_GifTest.framework */; };
/* End PBXBuildFile section */

/* Begin PBXFileReference section */
		3A69D5BE28E61860009D49DD /* GifTest.app */ = {isa = PBXFileReference; explicitFileType = wrapper.application; includeInIndex = 0; path = GifTest.app; sourceTree = BUILT_PRODUCTS_DIR; };
		3A69D5C128E61860009D49DD /* AppDelegate.swift */ = {isa = PBXFileReference; lastKnownFileType = sourcecode.swift; path = AppDelegate.swift; sourceTree = "<group>"; };
		3A69D5C328E61860009D49DD /* SceneDelegate.swift */ = {isa = PBXFileReference; lastKnownFileType = sourcecode.swift; path = SceneDelegate.swift; sourceTree = "<group>"; };
		3A69D5C528E61860009D49DD /* ViewController.swift */ = {isa = PBXFileReference; lastKnownFileType = sourcecode.swift; path = ViewController.swift; sourceTree = "<group>"; };
		3A69D5C828E61860009D49DD /* Base */ = {isa = PBXFileReference; lastKnownFileType = file.storyboard; name = Base; path = Base.lproj/Main.storyboard; sourceTree = "<group>"; };
		3A69D5CA28E61864009D49DD /* Assets.xcassets */ = {isa = PBXFileReference; lastKnownFileType = folder.assetcatalog; path = Assets.xcassets; sourceTree = "<group>"; };
		3A69D5CD28E61864009D49DD /* Base */ = {isa = PBXFileReference; lastKnownFileType = file.storyboard; name = Base; path = Base.lproj/LaunchScreen.storyboard; sourceTree = "<group>"; };
		3A69D5CF28E61864009D49DD /* Info.plist */ = {isa = PBXFileReference; lastKnownFileType = text.plist.xml; path = Info.plist; sourceTree = "<group>"; };
		3A69D5D528E61A6B009D49DD /* gato_felix1.gif */ = {isa = PBXFileReference; lastKnownFileType = image.gif; path = gato_felix1.gif; sourceTree = "<group>"; };
		AF4A1F4C2E27AD836F058B35 /* Pods-GifTest.release.xcconfig */ = {isa = PBXFileReference; includeInIndex = 1; lastKnownFileType = text.xcconfig; name = "Pods-GifTest.release.xcconfig"; path = "Target Support Files/Pods-GifTest/Pods-GifTest.release.xcconfig"; sourceTree = "<group>"; };
		C195C339D7FB341227131BDB /* Pods-GifTest.debug.xcconfig */ = {isa = PBXFileReference; includeInIndex = 1; lastKnownFileType = text.xcconfig; name = "Pods-GifTest.debug.xcconfig"; path = "Target Support Files/Pods-GifTest/Pods-GifTest.debug.xcconfig"; sourceTree = "<group>"; };
		E59FCC76432A1792ADE7BB3C /* Pods_GifTest.framework */ = {isa = PBXFileReference; explicitFileType = wrapper.framework; includeInIndex = 0; path = Pods_GifTest.framework; sourceTree = BUILT_PRODUCTS_DIR; };
/* End PBXFileReference section */

/* Begin PBXFrameworksBuildPhase section */
		3A69D5BB28E61860009D49DD /* Frameworks */ = {
			isa = PBXFrameworksBuildPhase;
			buildActionMask = 2147483647;
			files = (
				6A761EB0F1D074F8798F7110 /* Pods_GifTest.framework in Frameworks */,
			);
			runOnlyForDeploymentPostprocessing = 0;
		};
/* End PBXFrameworksBuildPhase section */

/* Begin PBXGroup section */
		3A69D5B528E61860009D49DD = {
			isa = PBXGroup;
			children = (
				3A69D5C028E61860009D49DD /* GifTest */,
				3A69D5BF28E61860009D49DD /* Products */,
				9A2AF2854A6BFE08B3B89C79 /* Pods */,
				A37D9E410AF09878CE632488 /* Frameworks */,
			);
			sourceTree = "<group>";
		};
		3A69D5BF28E61860009D49DD /* Products */ = {
			isa = PBXGroup;
			children = (
				3A69D5BE28E61860009D49DD /* GifTest.app */,
			);
			name = Products;
			sourceTree = "<group>";
		};
		3A69D5C028E61860009D49DD /* GifTest */ = {
			isa = PBXGroup;
			children = (
				3A69D5D528E61A6B009D49DD /* gato_felix1.gif */,
				3A69D5C128E61860009D49DD /* AppDelegate.swift */,
				3A69D5C328E61860009D49DD /* SceneDelegate.swift */,
				3A69D5C528E61860009D49DD /* ViewController.swift */,
				3A69D5C728E61860009D49DD /* Main.storyboard */,
				3A69D5CA28E61864009D49DD /* Assets.xcassets */,
				3A69D5CC28E61864009D49DD /* LaunchScreen.storyboard */,
				3A69D5CF28E61864009D49DD /* Info.plist */,
			);
			path = GifTest;
			sourceTree = "<group>";
		};
		9A2AF2854A6BFE08B3B89C79 /* Pods */ = {
			isa = PBXGroup;
			children = (
				C195C339D7FB341227131BDB /* Pods-GifTest.debug.xcconfig */,
				AF4A1F4C2E27AD836F058B35 /* Pods-GifTest.release.xcconfig */,
			);
			path = Pods;
			sourceTree = "<group>";
		};
		A37D9E410AF09878CE632488 /* Frameworks */ = {
			isa = PBXGroup;
			children = (
				E59FCC76432A1792ADE7BB3C /* Pods_GifTest.framework */,
			);
			name = Frameworks;
			sourceTree = "<group>";
		};
/* End PBXGroup section */

/* Begin PBXNativeTarget section */
		3A69D5BD28E61860009D49DD /* GifTest */ = {
			isa = PBXNativeTarget;
			buildConfigurationList = 3A69D5D228E61864009D49DD /* Build configuration list for PBXNativeTarget "GifTest" */;
			buildPhases = (
				638AA78D6221A32C0A172B22 /* [CP] Check Pods Manifest.lock */,
				3A69D5BA28E61860009D49DD /* Sources */,
				3A69D5BB28E61860009D49DD /* Frameworks */,
				3A69D5BC28E61860009D49DD /* Resources */,
				174624B60D6BDAAB85DE6851 /* [CP] Embed Pods Frameworks */,
			);
			buildRules = (
			);
			dependencies = (
			);
			name = GifTest;
			productName = GifTest;
			productReference = 3A69D5BE28E61860009D49DD /* GifTest.app */;
			productType = "com.apple.product-type.application";
		};
/* End PBXNativeTarget section */

/* Begin PBXProject section */
		3A69D5B628E61860009D49DD /* Project object */ = {
			isa = PBXProject;
			attributes = {
				BuildIndependentTargetsInParallel = 1;
				LastSwiftUpdateCheck = 1340;
				LastUpgradeCheck = 1340;
				TargetAttributes = {
					3A69D5BD28E61860009D49DD = {
						CreatedOnToolsVersion = 13.4.1;
					};
				};
			};
			buildConfigurationList = 3A69D5B928E61860009D49DD /* Build configuration list for PBXProject "GifTest" */;
			compatibilityVersion = "Xcode 13.0";
			developmentRegion = en;
			hasScannedForEncodings = 0;
			knownRegions = (
				en,
				Base,
			);
			mainGroup = 3A69D5B528E61860009D49DD;
			productRefGroup = 3A69D5BF28E61860009D49DD /* Products */;
			projectDirPath = "";
			projectRoot = "";
			targets = (
				3A69D5BD28E61860009D49DD /* GifTest */,
			);
		};
/* End PBXProject section */

/* Begin PBXResourcesBuildPhase section */
		3A69D5BC28E61860009D49DD /* Resources */ = {
			isa = PBXResourcesBuildPhase;
			buildActionMask = 2147483647;
			files = (
				3A69D5D628E61A6B009D49DD /* gato_felix1.gif in Resources */,
				3A69D5CE28E61864009D49DD /* LaunchScreen.storyboard in Resources */,
				3A69D5CB28E61864009D49DD /* Assets.xcassets in Resources */,
				3A69D5C928E61860009D49DD /* Main.storyboard in Resources */,
			);
			runOnlyForDeploymentPostprocessing = 0;
		};
/* End PBXResourcesBuildPhase section */

/* Begin PBXShellScriptBuildPhase section */
		174624B60D6BDAAB85DE6851 /* [CP] Embed Pods Frameworks */ = {
			isa = PBXShellScriptBuildPhase;
			buildActionMask = 2147483647;
			files = (
			);
			inputFileListPaths = (
				"${PODS_ROOT}/Target Support Files/Pods-GifTest/Pods-GifTest-frameworks-${CONFIGURATION}-input-files.xcfilelist",
			);
			name = "[CP] Embed Pods Frameworks";
			outputFileListPaths = (
				"${PODS_ROOT}/Target Support Files/Pods-GifTest/Pods-GifTest-frameworks-${CONFIGURATION}-output-files.xcfilelist",
			);
			runOnlyForDeploymentPostprocessing = 0;
			shellPath = /bin/sh;
			shellScript = "\"${PODS_ROOT}/Target Support Files/Pods-GifTest/Pods-GifTest-frameworks.sh\"\n";
			showEnvVarsInLog = 0;
		};
		638AA78D6221A32C0A172B22 /* [CP] Check Pods Manifest.lock */ = {
			isa = PBXShellScriptBuildPhase;
			buildActionMask = 2147483647;
			files = (
			);
			inputFileListPaths = (
			);
			inputPaths = (
				"${PODS_PODFILE_DIR_PATH}/Podfile.lock",
				"${PODS_ROOT}/Manifest.lock",
			);
			name = "[CP] Check Pods Manifest.lock";
			outputFileListPaths = (
			);
			outputPaths = (
				"$(DERIVED_FILE_DIR)/Pods-GifTest-checkManifestLockResult.txt",
			);
			runOnlyForDeploymentPostprocessing = 0;
			shellPath = /bin/sh;
			shellScript = "diff \"${PODS_PODFILE_DIR_PATH}/Podfile.lock\" \"${PODS_ROOT}/Manifest.lock\" > /dev/null\nif [ $? != 0 ] ; then\n    # print error to STDERR\n    echo \"error: The sandbox is not in sync with the Podfile.lock. Run 'pod install' or update your CocoaPods installation.\" >&2\n    exit 1\nfi\n# This output is used by Xcode 'outputs' to avoid re-running this script phase.\necho \"SUCCESS\" > \"${SCRIPT_OUTPUT_FILE_0}\"\n";
			showEnvVarsInLog = 0;
		};
/* End PBXShellScriptBuildPhase section */

/* Begin PBXSourcesBuildPhase section */
		3A69D5BA28E61860009D49DD /* Sources */ = {
			isa = PBXSourcesBuildPhase;
			buildActionMask = 2147483647;
			files = (
				3A69D5C628E61860009D49DD /* ViewController.swift in Sources */,
				3A69D5C228E61860009D49DD /* AppDelegate.swift in Sources */,
				3A69D5C428E61860009D49DD /* SceneDelegate.swift in Sources */,
			);
			runOnlyForDeploymentPostprocessing = 0;
		};
/* End PBXSourcesBuildPhase section */

/* Begin PBXVariantGroup section */
		3A69D5C728E61860009D49DD /* Main.storyboard */ = {
			isa = PBXVariantGroup;
			children = (
				3A69D5C828E61860009D49DD /* Base */,
			);
			name = Main.storyboard;
			sourceTree = "<group>";
		};
		3A69D5CC28E61864009D49DD /* LaunchScreen.storyboard */ = {
			isa = PBXVariantGroup;
			children = (
				3A69D5CD28E61864009D49DD /* Base */,
			);
			name = LaunchScreen.storyboard;
			sourceTree = "<group>";
		};
/* End PBXVariantGroup section */

/* Begin XCBuildConfiguration section */
		3A69D5D028E61864009D49DD /* Debug */ = {
			isa = XCBuildConfiguration;
			buildSettings = {
				ALWAYS_SEARCH_USER_PATHS = NO;
				CLANG_ANALYZER_NONNULL = YES;
				CLANG_ANALYZER_NUMBER_OBJECT_CONVERSION = YES_AGGRESSIVE;
				CLANG_CXX_LANGUAGE_STANDARD = "gnu++17";
				CLANG_ENABLE_MODULES = YES;
				CLANG_ENABLE_OBJC_ARC = YES;
				CLANG_ENABLE_OBJC_WEAK = YES;
				CLANG_WARN_BLOCK_CAPTURE_AUTORELEASING = YES;
				CLANG_WARN_BOOL_CONVERSION = YES;
				CLANG_WARN_COMMA = YES;
				CLANG_WARN_CONSTANT_CONVERSION = YES;
				CLANG_WARN_DEPRECATED_OBJC_IMPLEMENTATIONS = YES;
				CLANG_WARN_DIRECT_OBJC_ISA_USAGE = YES_ERROR;
				CLANG_WARN_DOCUMENTATION_COMMENTS = YES;
				CLANG_WARN_EMPTY_BODY = YES;
				CLANG_WARN_ENUM_CONVERSION = YES;
				CLANG_WARN_INFINITE_RECURSION = YES;
				CLANG_WARN_INT_CONVERSION = YES;
				CLANG_WARN_NON_LITERAL_NULL_CONVERSION = YES;
				CLANG_WARN_OBJC_IMPLICIT_RETAIN_SELF = YES;
				CLANG_WARN_OBJC_LITERAL_CONVERSION = YES;
				CLANG_WARN_OBJC_ROOT_CLASS = YES_ERROR;
				CLANG_WARN_QUOTED_INCLUDE_IN_FRAMEWORK_HEADER = YES;
				CLANG_WARN_RANGE_LOOP_ANALYSIS = YES;
				CLANG_WARN_STRICT_PROTOTYPES = YES;
				CLANG_WARN_SUSPICIOUS_MOVE = YES;
				CLANG_WARN_UNGUARDED_AVAILABILITY = YES_AGGRESSIVE;
				CLANG_WARN_UNREACHABLE_CODE = YES;
				CLANG_WARN__DUPLICATE_METHOD_MATCH = YES;
				COPY_PHASE_STRIP = NO;
				DEBUG_INFORMATION_FORMAT = dwarf;
				ENABLE_STRICT_OBJC_MSGSEND = YES;
				ENABLE_TESTABILITY = YES;
				GCC_C_LANGUAGE_STANDARD = gnu11;
				GCC_DYNAMIC_NO_PIC = NO;
				GCC_NO_COMMON_BLOCKS = YES;
				GCC_OPTIMIZATION_LEVEL = 0;
				GCC_PREPROCESSOR_DEFINITIONS = (
					"DEBUG=1",
					"$(inherited)",
				);
				GCC_WARN_64_TO_32_BIT_CONVERSION = YES;
				GCC_WARN_ABOUT_RETURN_TYPE = YES_ERROR;
				GCC_WARN_UNDECLARED_SELECTOR = YES;
				GCC_WARN_UNINITIALIZED_AUTOS = YES_AGGRESSIVE;
				GCC_WARN_UNUSED_FUNCTION = YES;
				GCC_WARN_UNUSED_VARIABLE = YES;
				IPHONEOS_DEPLOYMENT_TARGET = 15.5;
				MTL_ENABLE_DEBUG_INFO = INCLUDE_SOURCE;
				MTL_FAST_MATH = YES;
				ONLY_ACTIVE_ARCH = YES;
				SDKROOT = iphoneos;
				SWIFT_ACTIVE_COMPILATION_CONDITIONS = DEBUG;
				SWIFT_OPTIMIZATION_LEVEL = "-Onone";
			};
			name = Debug;
		};
		3A69D5D128E61864009D49DD /* Release */ = {
			isa = XCBuildConfiguration;
			buildSettings = {
				ALWAYS_SEARCH_USER_PATHS = NO;
				CLANG_ANALYZER_NONNULL = YES;
				CLANG_ANALYZER_NUMBER_OBJECT_CONVERSION = YES_AGGRESSIVE;
				CLANG_CXX_LANGUAGE_STANDARD = "gnu++17";
				CLANG_ENABLE_MODULES = YES;
				CLANG_ENABLE_OBJC_ARC = YES;
				CLANG_ENABLE_OBJC_WEAK = YES;
				CLANG_WARN_BLOCK_CAPTURE_AUTORELEASING = YES;
				CLANG_WARN_BOOL_CONVERSION = YES;
				CLANG_WARN_COMMA = YES;
				CLANG_WARN_CONSTANT_CONVERSION = YES;
				CLANG_WARN_DEPRECATED_OBJC_IMPLEMENTATIONS = YES;
				CLANG_WARN_DIRECT_OBJC_ISA_USAGE = YES_ERROR;
				CLANG_WARN_DOCUMENTATION_COMMENTS = YES;
				CLANG_WARN_EMPTY_BODY = YES;
				CLANG_WARN_ENUM_CONVERSION = YES;
				CLANG_WARN_INFINITE_RECURSION = YES;
				CLANG_WARN_INT_CONVERSION = YES;
				CLANG_WARN_NON_LITERAL_NULL_CONVERSION = YES;
				CLANG_WARN_OBJC_IMPLICIT_RETAIN_SELF = YES;
				CLANG_WARN_OBJC_LITERAL_CONVERSION = YES;
				CLANG_WARN_OBJC_ROOT_CLASS = YES_ERROR;
				CLANG_WARN_QUOTED_INCLUDE_IN_FRAMEWORK_HEADER = YES;
				CLANG_WARN_RANGE_LOOP_ANALYSIS = YES;
				CLANG_WARN_STRICT_PROTOTYPES = YES;
				CLANG_WARN_SUSPICIOUS_MOVE = YES;
				CLANG_WARN_UNGUARDED_AVAILABILITY = YES_AGGRESSIVE;
				CLANG_WARN_UNREACHABLE_CODE = YES;
				CLANG_WARN__DUPLICATE_METHOD_MATCH = YES;
				COPY_PHASE_STRIP = NO;
				DEBUG_INFORMATION_FORMAT = "dwarf-with-dsym";
				ENABLE_NS_ASSERTIONS = NO;
				ENABLE_STRICT_OBJC_MSGSEND = YES;
				GCC_C_LANGUAGE_STANDARD = gnu11;
				GCC_NO_COMMON_BLOCKS = YES;
				GCC_WARN_64_TO_32_BIT_CONVERSION = YES;
				GCC_WARN_ABOUT_RETURN_TYPE = YES_ERROR;
				GCC_WARN_UNDECLARED_SELECTOR = YES;
				GCC_WARN_UNINITIALIZED_AUTOS = YES_AGGRESSIVE;
				GCC_WARN_UNUSED_FUNCTION = YES;
				GCC_WARN_UNUSED_VARIABLE = YES;
				IPHONEOS_DEPLOYMENT_TARGET = 15.5;
				MTL_ENABLE_DEBUG_INFO = NO;
				MTL_FAST_MATH = YES;
				SDKROOT = iphoneos;
				SWIFT_COMPILATION_MODE = wholemodule;
				SWIFT_OPTIMIZATION_LEVEL = "-O";
				VALIDATE_PRODUCT = YES;
			};
			name = Release;
		};
		3A69D5D328E61864009D49DD /* Debug */ = {
			isa = XCBuildConfiguration;
			baseConfigurationReference = C195C339D7FB341227131BDB /* Pods-GifTest.debug.xcconfig */;
			buildSettings = {
				ASSETCATALOG_COMPILER_APPICON_NAME = AppIcon;
				ASSETCATALOG_COMPILER_GLOBAL_ACCENT_COLOR_NAME = AccentColor;
				CODE_SIGN_STYLE = Automatic;
				CURRENT_PROJECT_VERSION = 1;
				GENERATE_INFOPLIST_FILE = YES;
				INFOPLIST_FILE = GifTest/Info.plist;
				INFOPLIST_KEY_UIApplicationSupportsIndirectInputEvents = YES;
				INFOPLIST_KEY_UILaunchStoryboardName = LaunchScreen;
				INFOPLIST_KEY_UIMainStoryboardFile = Main;
				INFOPLIST_KEY_UISupportedInterfaceOrientations_iPad = "UIInterfaceOrientationPortrait UIInterfaceOrientationPortraitUpsideDown UIInterfaceOrientationLandscapeLeft UIInterfaceOrientationLandscapeRight";
				INFOPLIST_KEY_UISupportedInterfaceOrientations_iPhone = "UIInterfaceOrientationPortrait UIInterfaceOrientationLandscapeLeft UIInterfaceOrientationLandscapeRight";
				LD_RUNPATH_SEARCH_PATHS = (
					"$(inherited)",
					"@executable_path/Frameworks",
				);
				MARKETING_VERSION = 1.0;
				PRODUCT_BUNDLE_IDENTIFIER = ooo.GifTest;
				PRODUCT_NAME = "$(TARGET_NAME)";
				SWIFT_EMIT_LOC_STRINGS = YES;
				SWIFT_VERSION = 5.0;
				TARGETED_DEVICE_FAMILY = "1,2";
			};
			name = Debug;
		};
		3A69D5D428E61864009D49DD /* Release */ = {
			isa = XCBuildConfiguration;
			baseConfigurationReference = AF4A1F4C2E27AD836F058B35 /* Pods-GifTest.release.xcconfig */;
			buildSettings = {
				ASSETCATALOG_COMPILER_APPICON_NAME = AppIcon;
				ASSETCATALOG_COMPILER_GLOBAL_ACCENT_COLOR_NAME = AccentColor;
				CODE_SIGN_STYLE = Automatic;
				CURRENT_PROJECT_VERSION = 1;
				GENERATE_INFOPLIST_FILE = YES;
				INFOPLIST_FILE = GifTest/Info.plist;
				INFOPLIST_KEY_UIApplicationSupportsIndirectInputEvents = YES;
				INFOPLIST_KEY_UILaunchStoryboardName = LaunchScreen;
				INFOPLIST_KEY_UIMainStoryboardFile = Main;
				INFOPLIST_KEY_UISupportedInterfaceOrientations_iPad = "UIInterfaceOrientationPortrait UIInterfaceOrientationPortraitUpsideDown UIInterfaceOrientationLandscapeLeft UIInterfaceOrientationLandscapeRight";
				INFOPLIST_KEY_UISupportedInterfaceOrientations_iPhone = "UIInterfaceOrientationPortrait UIInterfaceOrientationLandscapeLeft UIInterfaceOrientationLandscapeRight";
				LD_RUNPATH_SEARCH_PATHS = (
					"$(inherited)",
					"@executable_path/Frameworks",
				);
				MARKETING_VERSION = 1.0;
				PRODUCT_BUNDLE_IDENTIFIER = ooo.GifTest;
				PRODUCT_NAME = "$(TARGET_NAME)";
				SWIFT_EMIT_LOC_STRINGS = YES;
				SWIFT_VERSION = 5.0;
				TARGETED_DEVICE_FAMILY = "1,2";
			};
			name = Release;
		};
/* End XCBuildConfiguration section */

/* Begin XCConfigurationList section */
		3A69D5B928E61860009D49DD /* Build configuration list for PBXProject "GifTest" */ = {
			isa = XCConfigurationList;
			buildConfigurations = (
				3A69D5D028E61864009D49DD /* Debug */,
				3A69D5D128E61864009D49DD /* Release */,
			);
			defaultConfigurationIsVisible = 0;
			defaultConfigurationName = Release;
		};
		3A69D5D228E61864009D49DD /* Build configuration list for PBXNativeTarget "GifTest" */ = {
			isa = XCConfigurationList;
			buildConfigurations = (
				3A69D5D328E61864009D49DD /* Debug */,
				3A69D5D428E61864009D49DD /* Release */,
			);
			defaultConfigurationIsVisible = 0;
			defaultConfigurationName = Release;
		};
/* End XCConfigurationList section */
	};
	rootObject = 3A69D5B628E61860009D49DD /* Project object */;
}
