// !$*UTF8*$!
{
	archiveVersion = 1;
	classes = {
	};
	objectVersion = 55;
	objects = {

/* Begin PBXBuildFile section */
		8B64225C28D237A00037763D /* UserPresenter.swift in Sources */ = {isa = PBXBuildFile; fileRef = 8B64225B28D237A00037763D /* UserPresenter.swift */; };
		8B64225E28D238EB0037763D /* User.swift in Sources */ = {isa = PBXBuildFile; fileRef = 8B64225D28D238EB0037763D /* User.swift */; };
		8BA1414C28D1130E00F1B2F0 /* AppDelegate.swift in Sources */ = {isa = PBXBuildFile; fileRef = 8BA1414B28D1130E00F1B2F0 /* AppDelegate.swift */; };
		8BA1414E28D1130F00F1B2F0 /* SceneDelegate.swift in Sources */ = {isa = PBXBuildFile; fileRef = 8BA1414D28D1130F00F1B2F0 /* SceneDelegate.swift */; };
		8BA1415028D1130F00F1B2F0 /* UserViewController.swift in Sources */ = {isa = PBXBuildFile; fileRef = 8BA1414F28D1130F00F1B2F0 /* UserViewController.swift */; };
		8BA1415328D1130F00F1B2F0 /* Main.storyboard in Resources */ = {isa = PBXBuildFile; fileRef = 8BA1415128D1130F00F1B2F0 /* Main.storyboard */; };
		8BA1415528D1131300F1B2F0 /* Assets.xcassets in Resources */ = {isa = PBXBuildFile; fileRef = 8BA1415428D1131300F1B2F0 /* Assets.xcassets */; };
		8BA1415828D1131300F1B2F0 /* LaunchScreen.storyboard in Resources */ = {isa = PBXBuildFile; fileRef = 8BA1415628D1131300F1B2F0 /* LaunchScreen.storyboard */; };
/* End PBXBuildFile section */

/* Begin PBXFileReference section */
		8B64225B28D237A00037763D /* UserPresenter.swift */ = {isa = PBXFileReference; lastKnownFileType = sourcecode.swift; path = UserPresenter.swift; sourceTree = "<group>"; };
		8B64225D28D238EB0037763D /* User.swift */ = {isa = PBXFileReference; lastKnownFileType = sourcecode.swift; path = User.swift; sourceTree = "<group>"; };
		8BA1414828D1130E00F1B2F0 /* TableViewMvp.app */ = {isa = PBXFileReference; explicitFileType = wrapper.application; includeInIndex = 0; path = TableViewMvp.app; sourceTree = BUILT_PRODUCTS_DIR; };
		8BA1414B28D1130E00F1B2F0 /* AppDelegate.swift */ = {isa = PBXFileReference; lastKnownFileType = sourcecode.swift; path = AppDelegate.swift; sourceTree = "<group>"; };
		8BA1414D28D1130F00F1B2F0 /* SceneDelegate.swift */ = {isa = PBXFileReference; lastKnownFileType = sourcecode.swift; path = SceneDelegate.swift; sourceTree = "<group>"; };
		8BA1414F28D1130F00F1B2F0 /* UserViewController.swift */ = {isa = PBXFileReference; lastKnownFileType = sourcecode.swift; path = UserViewController.swift; sourceTree = "<group>"; };
		8BA1415228D1130F00F1B2F0 /* Base */ = {isa = PBXFileReference; lastKnownFileType = file.storyboard; name = Base; path = Base.lproj/Main.storyboard; sourceTree = "<group>"; };
		8BA1415428D1131300F1B2F0 /* Assets.xcassets */ = {isa = PBXFileReference; lastKnownFileType = folder.assetcatalog; path = Assets.xcassets; sourceTree = "<group>"; };
		8BA1415728D1131300F1B2F0 /* Base */ = {isa = PBXFileReference; lastKnownFileType = file.storyboard; name = Base; path = Base.lproj/LaunchScreen.storyboard; sourceTree = "<group>"; };
		8BA1415928D1131300F1B2F0 /* Info.plist */ = {isa = PBXFileReference; lastKnownFileType = text.plist.xml; path = Info.plist; sourceTree = "<group>"; };
/* End PBXFileReference section */

/* Begin PBXFrameworksBuildPhase section */
		8BA1414528D1130E00F1B2F0 /* Frameworks */ = {
			isa = PBXFrameworksBuildPhase;
			buildActionMask = 2147483647;
			files = (
			);
			runOnlyForDeploymentPostprocessing = 0;
		};
/* End PBXFrameworksBuildPhase section */

/* Begin PBXGroup section */
		8B64225728D236DD0037763D /* MVP */ = {
			isa = PBXGroup;
			children = (
				8B64225A28D236EE0037763D /* Presenter */,
				8B64225928D236E90037763D /* View */,
				8B64225828D236E30037763D /* Model */,
			);
			path = MVP;
			sourceTree = "<group>";
		};
		8B64225828D236E30037763D /* Model */ = {
			isa = PBXGroup;
			children = (
				8B64225D28D238EB0037763D /* User.swift */,
			);
			path = Model;
			sourceTree = "<group>";
		};
		8B64225928D236E90037763D /* View */ = {
			isa = PBXGroup;
			children = (
				8BA1414F28D1130F00F1B2F0 /* UserViewController.swift */,
			);
			path = View;
			sourceTree = "<group>";
		};
		8B64225A28D236EE0037763D /* Presenter */ = {
			isa = PBXGroup;
			children = (
				8B64225B28D237A00037763D /* UserPresenter.swift */,
			);
			path = Presenter;
			sourceTree = "<group>";
		};
		8BA1413F28D1130E00F1B2F0 = {
			isa = PBXGroup;
			children = (
				8BA1414A28D1130E00F1B2F0 /* TableViewMvp */,
				8BA1414928D1130E00F1B2F0 /* Products */,
			);
			sourceTree = "<group>";
		};
		8BA1414928D1130E00F1B2F0 /* Products */ = {
			isa = PBXGroup;
			children = (
				8BA1414828D1130E00F1B2F0 /* TableViewMvp.app */,
			);
			name = Products;
			sourceTree = "<group>";
		};
		8BA1414A28D1130E00F1B2F0 /* TableViewMvp */ = {
			isa = PBXGroup;
			children = (
				8B64225728D236DD0037763D /* MVP */,
				8BA1414B28D1130E00F1B2F0 /* AppDelegate.swift */,
				8BA1414D28D1130F00F1B2F0 /* SceneDelegate.swift */,
				8BA1415128D1130F00F1B2F0 /* Main.storyboard */,
				8BA1415428D1131300F1B2F0 /* Assets.xcassets */,
				8BA1415628D1131300F1B2F0 /* LaunchScreen.storyboard */,
				8BA1415928D1131300F1B2F0 /* Info.plist */,
			);
			path = TableViewMvp;
			sourceTree = "<group>";
		};
/* End PBXGroup section */

/* Begin PBXNativeTarget section */
		8BA1414728D1130E00F1B2F0 /* TableViewMvp */ = {
			isa = PBXNativeTarget;
			buildConfigurationList = 8BA1415C28D1131300F1B2F0 /* Build configuration list for PBXNativeTarget "TableViewMvp" */;
			buildPhases = (
				8BA1414428D1130E00F1B2F0 /* Sources */,
				8BA1414528D1130E00F1B2F0 /* Frameworks */,
				8BA1414628D1130E00F1B2F0 /* Resources */,
			);
			buildRules = (
			);
			dependencies = (
			);
			name = TableViewMvp;
			productName = TableViewMvp;
			productReference = 8BA1414828D1130E00F1B2F0 /* TableViewMvp.app */;
			productType = "com.apple.product-type.application";
		};
/* End PBXNativeTarget section */

/* Begin PBXProject section */
		8BA1414028D1130E00F1B2F0 /* Project object */ = {
			isa = PBXProject;
			attributes = {
				BuildIndependentTargetsInParallel = 1;
				LastSwiftUpdateCheck = 1340;
				LastUpgradeCheck = 1340;
				TargetAttributes = {
					8BA1414728D1130E00F1B2F0 = {
						CreatedOnToolsVersion = 13.4.1;
					};
				};
			};
			buildConfigurationList = 8BA1414328D1130E00F1B2F0 /* Build configuration list for PBXProject "TableViewMvp" */;
			compatibilityVersion = "Xcode 13.0";
			developmentRegion = en;
			hasScannedForEncodings = 0;
			knownRegions = (
				en,
				Base,
			);
			mainGroup = 8BA1413F28D1130E00F1B2F0;
			productRefGroup = 8BA1414928D1130E00F1B2F0 /* Products */;
			projectDirPath = "";
			projectRoot = "";
			targets = (
				8BA1414728D1130E00F1B2F0 /* TableViewMvp */,
			);
		};
/* End PBXProject section */

/* Begin PBXResourcesBuildPhase section */
		8BA1414628D1130E00F1B2F0 /* Resources */ = {
			isa = PBXResourcesBuildPhase;
			buildActionMask = 2147483647;
			files = (
				8BA1415828D1131300F1B2F0 /* LaunchScreen.storyboard in Resources */,
				8BA1415528D1131300F1B2F0 /* Assets.xcassets in Resources */,
				8BA1415328D1130F00F1B2F0 /* Main.storyboard in Resources */,
			);
			runOnlyForDeploymentPostprocessing = 0;
		};
/* End PBXResourcesBuildPhase section */

/* Begin PBXSourcesBuildPhase section */
		8BA1414428D1130E00F1B2F0 /* Sources */ = {
			isa = PBXSourcesBuildPhase;
			buildActionMask = 2147483647;
			files = (
				8BA1415028D1130F00F1B2F0 /* UserViewController.swift in Sources */,
				8B64225C28D237A00037763D /* UserPresenter.swift in Sources */,
				8BA1414C28D1130E00F1B2F0 /* AppDelegate.swift in Sources */,
				8B64225E28D238EB0037763D /* User.swift in Sources */,
				8BA1414E28D1130F00F1B2F0 /* SceneDelegate.swift in Sources */,
			);
			runOnlyForDeploymentPostprocessing = 0;
		};
/* End PBXSourcesBuildPhase section */

/* Begin PBXVariantGroup section */
		8BA1415128D1130F00F1B2F0 /* Main.storyboard */ = {
			isa = PBXVariantGroup;
			children = (
				8BA1415228D1130F00F1B2F0 /* Base */,
			);
			name = Main.storyboard;
			sourceTree = "<group>";
		};
		8BA1415628D1131300F1B2F0 /* LaunchScreen.storyboard */ = {
			isa = PBXVariantGroup;
			children = (
				8BA1415728D1131300F1B2F0 /* Base */,
			);
			name = LaunchScreen.storyboard;
			sourceTree = "<group>";
		};
/* End PBXVariantGroup section */

/* Begin XCBuildConfiguration section */
		8BA1415A28D1131300F1B2F0 /* Debug */ = {
			isa = XCBuildConfiguration;
			buildSettings = {
				ALWAYS_SEARCH_USER_PATHS = NO;
				CLANG_ANALYZER_NONNULL = YES;
				CLANG_ANALYZER_NUMBER_OBJECT_CONVERSION = YES_AGGRESSIVE;
				CLANG_CXX_LANGUAGE_STANDARD = "gnu++17";
				CLANG_ENABLE_MODULES = YES;
				CLANG_ENABLE_OBJC_ARC = YES;
				CLANG_ENABLE_OBJC_WEAK = YES;
				CLANG_WARN_BLOCK_CAPTURE_AUTORELEASING = YES;
				CLANG_WARN_BOOL_CONVERSION = YES;
				CLANG_WARN_COMMA = YES;
				CLANG_WARN_CONSTANT_CONVERSION = YES;
				CLANG_WARN_DEPRECATED_OBJC_IMPLEMENTATIONS = YES;
				CLANG_WARN_DIRECT_OBJC_ISA_USAGE = YES_ERROR;
				CLANG_WARN_DOCUMENTATION_COMMENTS = YES;
				CLANG_WARN_EMPTY_BODY = YES;
				CLANG_WARN_ENUM_CONVERSION = YES;
				CLANG_WARN_INFINITE_RECURSION = YES;
				CLANG_WARN_INT_CONVERSION = YES;
				CLANG_WARN_NON_LITERAL_NULL_CONVERSION = YES;
				CLANG_WARN_OBJC_IMPLICIT_RETAIN_SELF = YES;
				CLANG_WARN_OBJC_LITERAL_CONVERSION = YES;
				CLANG_WARN_OBJC_ROOT_CLASS = YES_ERROR;
				CLANG_WARN_QUOTED_INCLUDE_IN_FRAMEWORK_HEADER = YES;
				CLANG_WARN_RANGE_LOOP_ANALYSIS = YES;
				CLANG_WARN_STRICT_PROTOTYPES = YES;
				CLANG_WARN_SUSPICIOUS_MOVE = YES;
				CLANG_WARN_UNGUARDED_AVAILABILITY = YES_AGGRESSIVE;
				CLANG_WARN_UNREACHABLE_CODE = YES;
				CLANG_WARN__DUPLICATE_METHOD_MATCH = YES;
				COPY_PHASE_STRIP = NO;
				DEBUG_INFORMATION_FORMAT = dwarf;
				ENABLE_STRICT_OBJC_MSGSEND = YES;
				ENABLE_TESTABILITY = YES;
				GCC_C_LANGUAGE_STANDARD = gnu11;
				GCC_DYNAMIC_NO_PIC = NO;
				GCC_NO_COMMON_BLOCKS = YES;
				GCC_OPTIMIZATION_LEVEL = 0;
				GCC_PREPROCESSOR_DEFINITIONS = (
					"DEBUG=1",
					"$(inherited)",
				);
				GCC_WARN_64_TO_32_BIT_CONVERSION = YES;
				GCC_WARN_ABOUT_RETURN_TYPE = YES_ERROR;
				GCC_WARN_UNDECLARED_SELECTOR = YES;
				GCC_WARN_UNINITIALIZED_AUTOS = YES_AGGRESSIVE;
				GCC_WARN_UNUSED_FUNCTION = YES;
				GCC_WARN_UNUSED_VARIABLE = YES;
				IPHONEOS_DEPLOYMENT_TARGET = 15.5;
				MTL_ENABLE_DEBUG_INFO = INCLUDE_SOURCE;
				MTL_FAST_MATH = YES;
				ONLY_ACTIVE_ARCH = YES;
				SDKROOT = iphoneos;
				SWIFT_ACTIVE_COMPILATION_CONDITIONS = DEBUG;
				SWIFT_OPTIMIZATION_LEVEL = "-Onone";
			};
			name = Debug;
		};
		8BA1415B28D1131300F1B2F0 /* Release */ = {
			isa = XCBuildConfiguration;
			buildSettings = {
				ALWAYS_SEARCH_USER_PATHS = NO;
				CLANG_ANALYZER_NONNULL = YES;
				CLANG_ANALYZER_NUMBER_OBJECT_CONVERSION = YES_AGGRESSIVE;
				CLANG_CXX_LANGUAGE_STANDARD = "gnu++17";
				CLANG_ENABLE_MODULES = YES;
				CLANG_ENABLE_OBJC_ARC = YES;
				CLANG_ENABLE_OBJC_WEAK = YES;
				CLANG_WARN_BLOCK_CAPTURE_AUTORELEASING = YES;
				CLANG_WARN_BOOL_CONVERSION = YES;
				CLANG_WARN_COMMA = YES;
				CLANG_WARN_CONSTANT_CONVERSION = YES;
				CLANG_WARN_DEPRECATED_OBJC_IMPLEMENTATIONS = YES;
				CLANG_WARN_DIRECT_OBJC_ISA_USAGE = YES_ERROR;
				CLANG_WARN_DOCUMENTATION_COMMENTS = YES;
				CLANG_WARN_EMPTY_BODY = YES;
				CLANG_WARN_ENUM_CONVERSION = YES;
				CLANG_WARN_INFINITE_RECURSION = YES;
				CLANG_WARN_INT_CONVERSION = YES;
				CLANG_WARN_NON_LITERAL_NULL_CONVERSION = YES;
				CLANG_WARN_OBJC_IMPLICIT_RETAIN_SELF = YES;
				CLANG_WARN_OBJC_LITERAL_CONVERSION = YES;
				CLANG_WARN_OBJC_ROOT_CLASS = YES_ERROR;
				CLANG_WARN_QUOTED_INCLUDE_IN_FRAMEWORK_HEADER = YES;
				CLANG_WARN_RANGE_LOOP_ANALYSIS = YES;
				CLANG_WARN_STRICT_PROTOTYPES = YES;
				CLANG_WARN_SUSPICIOUS_MOVE = YES;
				CLANG_WARN_UNGUARDED_AVAILABILITY = YES_AGGRESSIVE;
				CLANG_WARN_UNREACHABLE_CODE = YES;
				CLANG_WARN__DUPLICATE_METHOD_MATCH = YES;
				COPY_PHASE_STRIP = NO;
				DEBUG_INFORMATION_FORMAT = "dwarf-with-dsym";
				ENABLE_NS_ASSERTIONS = NO;
				ENABLE_STRICT_OBJC_MSGSEND = YES;
				GCC_C_LANGUAGE_STANDARD = gnu11;
				GCC_NO_COMMON_BLOCKS = YES;
				GCC_WARN_64_TO_32_BIT_CONVERSION = YES;
				GCC_WARN_ABOUT_RETURN_TYPE = YES_ERROR;
				GCC_WARN_UNDECLARED_SELECTOR = YES;
				GCC_WARN_UNINITIALIZED_AUTOS = YES_AGGRESSIVE;
				GCC_WARN_UNUSED_FUNCTION = YES;
				GCC_WARN_UNUSED_VARIABLE = YES;
				IPHONEOS_DEPLOYMENT_TARGET = 15.5;
				MTL_ENABLE_DEBUG_INFO = NO;
				MTL_FAST_MATH = YES;
				SDKROOT = iphoneos;
				SWIFT_COMPILATION_MODE = wholemodule;
				SWIFT_OPTIMIZATION_LEVEL = "-O";
				VALIDATE_PRODUCT = YES;
			};
			name = Release;
		};
		8BA1415D28D1131300F1B2F0 /* Debug */ = {
			isa = XCBuildConfiguration;
			buildSettings = {
				ASSETCATALOG_COMPILER_APPICON_NAME = AppIcon;
				ASSETCATALOG_COMPILER_GLOBAL_ACCENT_COLOR_NAME = AccentColor;
				CODE_SIGN_STYLE = Automatic;
				CURRENT_PROJECT_VERSION = 1;
				GENERATE_INFOPLIST_FILE = YES;
				INFOPLIST_FILE = TableViewMvp/Info.plist;
				INFOPLIST_KEY_UIApplicationSupportsIndirectInputEvents = YES;
				INFOPLIST_KEY_UILaunchStoryboardName = LaunchScreen;
				INFOPLIST_KEY_UIMainStoryboardFile = Main;
				INFOPLIST_KEY_UISupportedInterfaceOrientations_iPad = "UIInterfaceOrientationPortrait UIInterfaceOrientationPortraitUpsideDown UIInterfaceOrientationLandscapeLeft UIInterfaceOrientationLandscapeRight";
				INFOPLIST_KEY_UISupportedInterfaceOrientations_iPhone = "UIInterfaceOrientationPortrait UIInterfaceOrientationLandscapeLeft UIInterfaceOrientationLandscapeRight";
				LD_RUNPATH_SEARCH_PATHS = (
					"$(inherited)",
					"@executable_path/Frameworks",
				);
				MARKETING_VERSION = 1.0;
				PRODUCT_BUNDLE_IDENTIFIER = a.TableViewMvp;
				PRODUCT_NAME = "$(TARGET_NAME)";
				SWIFT_EMIT_LOC_STRINGS = YES;
				SWIFT_VERSION = 5.0;
				TARGETED_DEVICE_FAMILY = "1,2";
			};
			name = Debug;
		};
		8BA1415E28D1131300F1B2F0 /* Release */ = {
			isa = XCBuildConfiguration;
			buildSettings = {
				ASSETCATALOG_COMPILER_APPICON_NAME = AppIcon;
				ASSETCATALOG_COMPILER_GLOBAL_ACCENT_COLOR_NAME = AccentColor;
				CODE_SIGN_STYLE = Automatic;
				CURRENT_PROJECT_VERSION = 1;
				GENERATE_INFOPLIST_FILE = YES;
				INFOPLIST_FILE = TableViewMvp/Info.plist;
				INFOPLIST_KEY_UIApplicationSupportsIndirectInputEvents = YES;
				INFOPLIST_KEY_UILaunchStoryboardName = LaunchScreen;
				INFOPLIST_KEY_UIMainStoryboardFile = Main;
				INFOPLIST_KEY_UISupportedInterfaceOrientations_iPad = "UIInterfaceOrientationPortrait UIInterfaceOrientationPortraitUpsideDown UIInterfaceOrientationLandscapeLeft UIInterfaceOrientationLandscapeRight";
				INFOPLIST_KEY_UISupportedInterfaceOrientations_iPhone = "UIInterfaceOrientationPortrait UIInterfaceOrientationLandscapeLeft UIInterfaceOrientationLandscapeRight";
				LD_RUNPATH_SEARCH_PATHS = (
					"$(inherited)",
					"@executable_path/Frameworks",
				);
				MARKETING_VERSION = 1.0;
				PRODUCT_BUNDLE_IDENTIFIER = a.TableViewMvp;
				PRODUCT_NAME = "$(TARGET_NAME)";
				SWIFT_EMIT_LOC_STRINGS = YES;
				SWIFT_VERSION = 5.0;
				TARGETED_DEVICE_FAMILY = "1,2";
			};
			name = Release;
		};
/* End XCBuildConfiguration section */

/* Begin XCConfigurationList section */
		8BA1414328D1130E00F1B2F0 /* Build configuration list for PBXProject "TableViewMvp" */ = {
			isa = XCConfigurationList;
			buildConfigurations = (
				8BA1415A28D1131300F1B2F0 /* Debug */,
				8BA1415B28D1131300F1B2F0 /* Release */,
			);
			defaultConfigurationIsVisible = 0;
			defaultConfigurationName = Release;
		};
		8BA1415C28D1131300F1B2F0 /* Build configuration list for PBXNativeTarget "TableViewMvp" */ = {
			isa = XCConfigurationList;
			buildConfigurations = (
				8BA1415D28D1131300F1B2F0 /* Debug */,
				8BA1415E28D1131300F1B2F0 /* Release */,
			);
			defaultConfigurationIsVisible = 0;
			defaultConfigurationName = Release;
		};
/* End XCConfigurationList section */
	};
	rootObject = 8BA1414028D1130E00F1B2F0 /* Project object */;
}
